
Microsoft Visual Studio Solution File, Format Version 12.00
# Visual Studio Version 17
VisualStudioVersion = 17.13.35825.156 d17.13
MinimumVisualStudioVersion = 10.0.40219.1
Project("{FAE04EC0-301F-11D3-BF4B-00C04F79EFBC}") = "Calculator", "Calculator\Calculator.csproj", "{D23CEC75-8915-47D2-B04F-7120090276F1}"
EndProject
Global
	GlobalSection(SolutionConfigurationPlatforms) = preSolution
		Debug|Any CPU = Debug|Any CPU
		Release|Any CPU = Release|Any CPU
	EndGlobalSection
	GlobalSection(ProjectConfigurationPlatforms) = postSolution
		{D23CEC75-8915-47D2-B04F-7120090276F1}.Debug|Any CPU.ActiveCfg = Debug|Any CPU
		{D23CEC75-8915-47D2-B04F-7120090276F1}.Debug|Any CPU.Build.0 = Debug|Any CPU
		{D23CEC75-8915-47D2-B04F-7120090276F1}.Release|Any CPU.ActiveCfg = Release|Any CPU
		{D23CEC75-8915-47D2-B04F-7120090276F1}.Release|Any CPU.Build.0 = Release|Any CPU
	EndGlobalSection
	GlobalSection(SolutionProperties) = preSolution
		HideSolutionNode = FALSE
	EndGlobalSection
	GlobalSection(ExtensibilityGlobals) = postSolution
		SolutionGuid = {2EFF3234-F1F3-4554-92B2-FA7525A2573A}
	EndGlobalSection
EndGlobal
